
Microsoft Visual Studio Solution File, Format Version 12.00
# Visual Studio Version 17
VisualStudioVersion = 17.14.36221.1
MinimumVisualStudioVersion = 10.0.40219.1
Project("{FAE04EC0-301F-11D3-BF4B-00C04F79EFBC}") = "PlayniteInsightsExporter", "Extension\PlayniteInsightsExporter.csproj", "{4FDF1E89-5BC3-4C72-8FDA-0D580E7A5D5F}"
EndProject
Project("{FAE04EC0-301F-11D3-BF4B-00C04F79EFBC}") = "Tests", "Tests\Tests.csproj", "{9CF47860-2CEA-F379-09D8-9AEF27965D12}"
EndProject
Project("{2150E333-8FDC-42A3-9474-1A3956D46DE8}") = "Itens de Solução", "Itens de Solução", "{380A7511-A354-6D7A-0CC0-8FA1F1BA7B6C}"
	ProjectSection(SolutionItems) = preProject
		.github\workflows\build-test.yml = .github\workflows\build-test.yml
		build.ps1 = build.ps1
		package.ps1 = package.ps1
	EndProjectSection
EndProject
Project("{2150E333-8FDC-42A3-9474-1A3956D46DE8}") = "Modules", "Modules", "{02EA681E-C7D8-13C7-8484-4AC65E1B71E8}"
EndProject
Project("{FAE04EC0-301F-11D3-BF4B-00C04F79EFBC}") = "ExporterLibraryExporter", "Modules\ExporterLibraryExporter\ExporterLibraryExporter.csproj", "{4F2FED71-1797-4176-956A-C4DB34C2C8ED}"
EndProject
Project("{FAE04EC0-301F-11D3-BF4B-00C04F79EFBC}") = "ExporterCommon", "Modules\ExporterCommon\ExporterCommon.csproj", "{0C45C5BF-6076-4D80-9DBA-59EDD13169B2}"
EndProject
Project("{FAE04EC0-301F-11D3-BF4B-00C04F79EFBC}") = "ExporterSystem", "Modules\ExporterSystem\ExporterSystem.csproj", "{56A9FC4F-D3E0-47D5-A6A3-A20379584E0D}"
EndProject
Project("{FAE04EC0-301F-11D3-BF4B-00C04F79EFBC}") = "ExporterPlayAtlasClient", "Modules\ExporterPlayAtlasClient\ExporterPlayAtlasClient.csproj", "{84A1A852-AE99-4897-AD52-AACF2633EF7C}"
EndProject
Project("{FAE04EC0-301F-11D3-BF4B-00C04F79EFBC}") = "ExporterBootstrap", "Modules\ExporterBootstrap\ExporterBootstrap.csproj", "{BD220E5D-A3E9-42D9-9842-28102E2E34D8}"
EndProject
Project("{FAE04EC0-301F-11D3-BF4B-00C04F79EFBC}") = "ExporterPlayniteIntegration", "Modules\ExporterPlayniteIntegration\ExporterPlayniteIntegration.csproj", "{2F486FB2-34D6-4A46-9931-C9B17F2798E8}"
EndProject
Project("{FAE04EC0-301F-11D3-BF4B-00C04F79EFBC}") = "ExporterGameSessions", "Modules\ExporterGameSessions\ExporterGameSessions.csproj", "{E3501DE5-F87C-4720-9159-1F5C2D06A93D}"
EndProject
Global
	GlobalSection(SolutionConfigurationPlatforms) = preSolution
		Debug|Any CPU = Debug|Any CPU
		Release|Any CPU = Release|Any CPU
	EndGlobalSection
	GlobalSection(ProjectConfigurationPlatforms) = postSolution
		{4FDF1E89-5BC3-4C72-8FDA-0D580E7A5D5F}.Debug|Any CPU.ActiveCfg = Debug|Any CPU
		{4FDF1E89-5BC3-4C72-8FDA-0D580E7A5D5F}.Debug|Any CPU.Build.0 = Debug|Any CPU
		{4FDF1E89-5BC3-4C72-8FDA-0D580E7A5D5F}.Release|Any CPU.ActiveCfg = Release|Any CPU
		{4FDF1E89-5BC3-4C72-8FDA-0D580E7A5D5F}.Release|Any CPU.Build.0 = Release|Any CPU
		{9CF47860-2CEA-F379-09D8-9AEF27965D12}.Debug|Any CPU.ActiveCfg = Debug|Any CPU
		{9CF47860-2CEA-F379-09D8-9AEF27965D12}.Debug|Any CPU.Build.0 = Debug|Any CPU
		{9CF47860-2CEA-F379-09D8-9AEF27965D12}.Release|Any CPU.ActiveCfg = Release|Any CPU
		{9CF47860-2CEA-F379-09D8-9AEF27965D12}.Release|Any CPU.Build.0 = Release|Any CPU
		{4F2FED71-1797-4176-956A-C4DB34C2C8ED}.Debug|Any CPU.ActiveCfg = Debug|Any CPU
		{4F2FED71-1797-4176-956A-C4DB34C2C8ED}.Debug|Any CPU.Build.0 = Debug|Any CPU
		{4F2FED71-1797-4176-956A-C4DB34C2C8ED}.Release|Any CPU.ActiveCfg = Release|Any CPU
		{4F2FED71-1797-4176-956A-C4DB34C2C8ED}.Release|Any CPU.Build.0 = Release|Any CPU
		{0C45C5BF-6076-4D80-9DBA-59EDD13169B2}.Debug|Any CPU.ActiveCfg = Debug|Any CPU
		{0C45C5BF-6076-4D80-9DBA-59EDD13169B2}.Debug|Any CPU.Build.0 = Debug|Any CPU
		{0C45C5BF-6076-4D80-9DBA-59EDD13169B2}.Release|Any CPU.ActiveCfg = Release|Any CPU
		{0C45C5BF-6076-4D80-9DBA-59EDD13169B2}.Release|Any CPU.Build.0 = Release|Any CPU
		{56A9FC4F-D3E0-47D5-A6A3-A20379584E0D}.Debug|Any CPU.ActiveCfg = Debug|Any CPU
		{56A9FC4F-D3E0-47D5-A6A3-A20379584E0D}.Debug|Any CPU.Build.0 = Debug|Any CPU
		{56A9FC4F-D3E0-47D5-A6A3-A20379584E0D}.Release|Any CPU.ActiveCfg = Release|Any CPU
		{56A9FC4F-D3E0-47D5-A6A3-A20379584E0D}.Release|Any CPU.Build.0 = Release|Any CPU
		{84A1A852-AE99-4897-AD52-AACF2633EF7C}.Debug|Any CPU.ActiveCfg = Debug|Any CPU
		{84A1A852-AE99-4897-AD52-AACF2633EF7C}.Debug|Any CPU.Build.0 = Debug|Any CPU
		{84A1A852-AE99-4897-AD52-AACF2633EF7C}.Release|Any CPU.ActiveCfg = Release|Any CPU
		{84A1A852-AE99-4897-AD52-AACF2633EF7C}.Release|Any CPU.Build.0 = Release|Any CPU
		{BD220E5D-A3E9-42D9-9842-28102E2E34D8}.Debug|Any CPU.ActiveCfg = Debug|Any CPU
		{BD220E5D-A3E9-42D9-9842-28102E2E34D8}.Debug|Any CPU.Build.0 = Debug|Any CPU
		{BD220E5D-A3E9-42D9-9842-28102E2E34D8}.Release|Any CPU.ActiveCfg = Release|Any CPU
		{BD220E5D-A3E9-42D9-9842-28102E2E34D8}.Release|Any CPU.Build.0 = Release|Any CPU
		{2F486FB2-34D6-4A46-9931-C9B17F2798E8}.Debug|Any CPU.ActiveCfg = Debug|Any CPU
		{2F486FB2-34D6-4A46-9931-C9B17F2798E8}.Debug|Any CPU.Build.0 = Debug|Any CPU
		{2F486FB2-34D6-4A46-9931-C9B17F2798E8}.Release|Any CPU.ActiveCfg = Release|Any CPU
		{2F486FB2-34D6-4A46-9931-C9B17F2798E8}.Release|Any CPU.Build.0 = Release|Any CPU
		{E3501DE5-F87C-4720-9159-1F5C2D06A93D}.Debug|Any CPU.ActiveCfg = Debug|Any CPU
		{E3501DE5-F87C-4720-9159-1F5C2D06A93D}.Debug|Any CPU.Build.0 = Debug|Any CPU
		{E3501DE5-F87C-4720-9159-1F5C2D06A93D}.Release|Any CPU.ActiveCfg = Release|Any CPU
		{E3501DE5-F87C-4720-9159-1F5C2D06A93D}.Release|Any CPU.Build.0 = Release|Any CPU
	EndGlobalSection
	GlobalSection(SolutionProperties) = preSolution
		HideSolutionNode = FALSE
	EndGlobalSection
	GlobalSection(NestedProjects) = preSolution
		{4F2FED71-1797-4176-956A-C4DB34C2C8ED} = {02EA681E-C7D8-13C7-8484-4AC65E1B71E8}
		{0C45C5BF-6076-4D80-9DBA-59EDD13169B2} = {02EA681E-C7D8-13C7-8484-4AC65E1B71E8}
		{56A9FC4F-D3E0-47D5-A6A3-A20379584E0D} = {02EA681E-C7D8-13C7-8484-4AC65E1B71E8}
		{84A1A852-AE99-4897-AD52-AACF2633EF7C} = {02EA681E-C7D8-13C7-8484-4AC65E1B71E8}
		{BD220E5D-A3E9-42D9-9842-28102E2E34D8} = {02EA681E-C7D8-13C7-8484-4AC65E1B71E8}
		{2F486FB2-34D6-4A46-9931-C9B17F2798E8} = {02EA681E-C7D8-13C7-8484-4AC65E1B71E8}
		{E3501DE5-F87C-4720-9159-1F5C2D06A93D} = {02EA681E-C7D8-13C7-8484-4AC65E1B71E8}
	EndGlobalSection
	GlobalSection(ExtensibilityGlobals) = postSolution
		SolutionGuid = {620DAE38-0360-4A4F-A05E-7FE07CD0E592}
	EndGlobalSection
EndGlobal
